
Microsoft Visual Studio Solution File, Format Version 12.00
Project("{FAE04EC0-301F-11D3-BF4B-00C04F79EFBC}") = "FirstApp.API.HOST", "FirstApp.API.HOST\FirstApp.API.HOST.csproj", "{7F5345E2-C293-475A-A8B2-64D359D6B713}"
EndProject
Project("{2150E333-8FDC-42A3-9474-1A3956D46DE8}") = "Solution Items", "Solution Items", "{C539AA06-C517-4D4B-9680-A4A9F5C03F0A}"
EndProject
Project("{2150E333-8FDC-42A3-9474-1A3956D46DE8}") = "src", "src", "{EAA05EBB-EB5E-4B9B-ABD9-EED342BA957E}"
EndProject
Project("{2150E333-8FDC-42A3-9474-1A3956D46DE8}") = "tests", "tests", "{513085FE-E866-49BA-B9A1-E65CBA4FEBA2}"
EndProject
Project("{2150E333-8FDC-42A3-9474-1A3956D46DE8}") = "Apps", "Apps", "{FD3C946F-8ECD-448F-88E5-1C3DBF36D094}"
EndProject
Project("{2150E333-8FDC-42A3-9474-1A3956D46DE8}") = "Common", "Common", "{34E38863-CCE2-4426-BBF8-E4BD6B8A627B}"
EndProject
Project("{2150E333-8FDC-42A3-9474-1A3956D46DE8}") = "Configuration", "Configuration", "{1B518BCC-0064-4053-9A4E-2CCA2B859E9E}"
EndProject
Project("{2150E333-8FDC-42A3-9474-1A3956D46DE8}") = "Modules", "Modules", "{7A19AA7D-CFE4-4A14-8831-7A821C42B691}"
EndProject
Project("{FAE04EC0-301F-11D3-BF4B-00C04F79EFBC}") = "FirstApp.Consumer.HOST", "FirstApp.Consumer.HOST\FirstApp.Consumer.HOST.csproj", "{C694D95E-416F-4F2B-84A8-FFE8A555EA45}"
EndProject
Project("{FAE04EC0-301F-11D3-BF4B-00C04F79EFBC}") = "FirstApp.Exceptions", "FirstApp.Exceptions\FirstApp.Exceptions.csproj", "{F33A836C-B9CE-46C3-86BC-F9B33888C3A1}"
EndProject
Project("{FAE04EC0-301F-11D3-BF4B-00C04F79EFBC}") = "FirstApp.Configuration", "FirstApp.Configuration\FirstApp.Configuration.csproj", "{F57C2081-C29F-4745-BC5D-A080B58E8C09}"
EndProject
Project("{FAE04EC0-301F-11D3-BF4B-00C04F79EFBC}") = "FirstApp.API", "FirstApp.API\FirstApp.API.csproj", "{89F2B751-7EE9-4DE3-9311-CE9BE02FF202}"
EndProject
Project("{FAE04EC0-301F-11D3-BF4B-00C04F79EFBC}") = "FirstApp.Consumers", "FirstApp.Consumers\FirstApp.Consumers.csproj", "{DF77AABF-CDDF-4912-A06C-DD4147066D28}"
EndProject
Project("{FAE04EC0-301F-11D3-BF4B-00C04F79EFBC}") = "FirstApp", "FirstApp\FirstApp.csproj", "{52233F32-056E-4C37-AE0D-BDDE16C114E7}"
EndProject
Project("{FAE04EC0-301F-11D3-BF4B-00C04F79EFBC}") = "FirstApp.Infrastructure", "FirstApp.Infrastructure\FirstApp.Infrastructure.csproj", "{1CA9DFDC-F8CB-4B26-8A0D-FDE71920423B}"
EndProject
Project("{FAE04EC0-301F-11D3-BF4B-00C04F79EFBC}") = "FirstApp.Tests", "FirstApp.Tests\FirstApp.Tests.csproj", "{8C45ACFB-77A6-4EA2-8971-3762A13059EF}"
EndProject
Global
	GlobalSection(SolutionConfigurationPlatforms) = preSolution
		Debug|Any CPU = Debug|Any CPU
		Release|Any CPU = Release|Any CPU
	EndGlobalSection
	GlobalSection(ProjectConfigurationPlatforms) = postSolution
		{7F5345E2-C293-475A-A8B2-64D359D6B713}.Debug|Any CPU.ActiveCfg = Debug|Any CPU
		{7F5345E2-C293-475A-A8B2-64D359D6B713}.Debug|Any CPU.Build.0 = Debug|Any CPU
		{7F5345E2-C293-475A-A8B2-64D359D6B713}.Release|Any CPU.ActiveCfg = Release|Any CPU
		{7F5345E2-C293-475A-A8B2-64D359D6B713}.Release|Any CPU.Build.0 = Release|Any CPU
		{C694D95E-416F-4F2B-84A8-FFE8A555EA45}.Debug|Any CPU.ActiveCfg = Debug|Any CPU
		{C694D95E-416F-4F2B-84A8-FFE8A555EA45}.Debug|Any CPU.Build.0 = Debug|Any CPU
		{C694D95E-416F-4F2B-84A8-FFE8A555EA45}.Release|Any CPU.ActiveCfg = Release|Any CPU
		{C694D95E-416F-4F2B-84A8-FFE8A555EA45}.Release|Any CPU.Build.0 = Release|Any CPU
		{F33A836C-B9CE-46C3-86BC-F9B33888C3A1}.Debug|Any CPU.ActiveCfg = Debug|Any CPU
		{F33A836C-B9CE-46C3-86BC-F9B33888C3A1}.Debug|Any CPU.Build.0 = Debug|Any CPU
		{F33A836C-B9CE-46C3-86BC-F9B33888C3A1}.Release|Any CPU.ActiveCfg = Release|Any CPU
		{F33A836C-B9CE-46C3-86BC-F9B33888C3A1}.Release|Any CPU.Build.0 = Release|Any CPU
		{F57C2081-C29F-4745-BC5D-A080B58E8C09}.Debug|Any CPU.ActiveCfg = Debug|Any CPU
		{F57C2081-C29F-4745-BC5D-A080B58E8C09}.Debug|Any CPU.Build.0 = Debug|Any CPU
		{F57C2081-C29F-4745-BC5D-A080B58E8C09}.Release|Any CPU.ActiveCfg = Release|Any CPU
		{F57C2081-C29F-4745-BC5D-A080B58E8C09}.Release|Any CPU.Build.0 = Release|Any CPU
		{89F2B751-7EE9-4DE3-9311-CE9BE02FF202}.Debug|Any CPU.ActiveCfg = Debug|Any CPU
		{89F2B751-7EE9-4DE3-9311-CE9BE02FF202}.Debug|Any CPU.Build.0 = Debug|Any CPU
		{89F2B751-7EE9-4DE3-9311-CE9BE02FF202}.Release|Any CPU.ActiveCfg = Release|Any CPU
		{89F2B751-7EE9-4DE3-9311-CE9BE02FF202}.Release|Any CPU.Build.0 = Release|Any CPU
		{DF77AABF-CDDF-4912-A06C-DD4147066D28}.Debug|Any CPU.ActiveCfg = Debug|Any CPU
		{DF77AABF-CDDF-4912-A06C-DD4147066D28}.Debug|Any CPU.Build.0 = Debug|Any CPU
		{DF77AABF-CDDF-4912-A06C-DD4147066D28}.Release|Any CPU.ActiveCfg = Release|Any CPU
		{DF77AABF-CDDF-4912-A06C-DD4147066D28}.Release|Any CPU.Build.0 = Release|Any CPU
		{52233F32-056E-4C37-AE0D-BDDE16C114E7}.Debug|Any CPU.ActiveCfg = Debug|Any CPU
		{52233F32-056E-4C37-AE0D-BDDE16C114E7}.Debug|Any CPU.Build.0 = Debug|Any CPU
		{52233F32-056E-4C37-AE0D-BDDE16C114E7}.Release|Any CPU.ActiveCfg = Release|Any CPU
		{52233F32-056E-4C37-AE0D-BDDE16C114E7}.Release|Any CPU.Build.0 = Release|Any CPU
		{1CA9DFDC-F8CB-4B26-8A0D-FDE71920423B}.Debug|Any CPU.ActiveCfg = Debug|Any CPU
		{1CA9DFDC-F8CB-4B26-8A0D-FDE71920423B}.Debug|Any CPU.Build.0 = Debug|Any CPU
		{1CA9DFDC-F8CB-4B26-8A0D-FDE71920423B}.Release|Any CPU.ActiveCfg = Release|Any CPU
		{1CA9DFDC-F8CB-4B26-8A0D-FDE71920423B}.Release|Any CPU.Build.0 = Release|Any CPU
		{8C45ACFB-77A6-4EA2-8971-3762A13059EF}.Debug|Any CPU.ActiveCfg = Debug|Any CPU
		{8C45ACFB-77A6-4EA2-8971-3762A13059EF}.Debug|Any CPU.Build.0 = Debug|Any CPU
		{8C45ACFB-77A6-4EA2-8971-3762A13059EF}.Release|Any CPU.ActiveCfg = Release|Any CPU
		{8C45ACFB-77A6-4EA2-8971-3762A13059EF}.Release|Any CPU.Build.0 = Release|Any CPU
	EndGlobalSection
	GlobalSection(NestedProjects) = preSolution
		{FD3C946F-8ECD-448F-88E5-1C3DBF36D094} = {EAA05EBB-EB5E-4B9B-ABD9-EED342BA957E}
		{34E38863-CCE2-4426-BBF8-E4BD6B8A627B} = {EAA05EBB-EB5E-4B9B-ABD9-EED342BA957E}
		{1B518BCC-0064-4053-9A4E-2CCA2B859E9E} = {EAA05EBB-EB5E-4B9B-ABD9-EED342BA957E}
		{7A19AA7D-CFE4-4A14-8831-7A821C42B691} = {EAA05EBB-EB5E-4B9B-ABD9-EED342BA957E}
		{7F5345E2-C293-475A-A8B2-64D359D6B713} = {FD3C946F-8ECD-448F-88E5-1C3DBF36D094}
		{C694D95E-416F-4F2B-84A8-FFE8A555EA45} = {FD3C946F-8ECD-448F-88E5-1C3DBF36D094}
		{F33A836C-B9CE-46C3-86BC-F9B33888C3A1} = {34E38863-CCE2-4426-BBF8-E4BD6B8A627B}
		{F57C2081-C29F-4745-BC5D-A080B58E8C09} = {1B518BCC-0064-4053-9A4E-2CCA2B859E9E}
		{89F2B751-7EE9-4DE3-9311-CE9BE02FF202} = {7A19AA7D-CFE4-4A14-8831-7A821C42B691}
		{DF77AABF-CDDF-4912-A06C-DD4147066D28} = {7A19AA7D-CFE4-4A14-8831-7A821C42B691}
		{52233F32-056E-4C37-AE0D-BDDE16C114E7} = {7A19AA7D-CFE4-4A14-8831-7A821C42B691}
		{1CA9DFDC-F8CB-4B26-8A0D-FDE71920423B} = {7A19AA7D-CFE4-4A14-8831-7A821C42B691}
		{8C45ACFB-77A6-4EA2-8971-3762A13059EF} = {7A19AA7D-CFE4-4A14-8831-7A821C42B691}
	EndGlobalSection
EndGlobal
